<?xml version="1.0" encoding="utf-8"?>
<Project ToolsVersion="4.0" xmlns="http://schemas.microsoft.com/developer/msbuild/2003">
  <ItemGroup>
    <Filter Include="Fichiers sources">
      <UniqueIdentifier>{4FC737F1-C7A5-4376-A066-2A32D752A2FF}</UniqueIdentifier>
      <Extensions>cpp;c;cc;cxx;def;odl;idl;hpj;bat;asm;asmx</Extensions>
    </Filter>
    <Filter Include="Fichiers d%27en-tête">
      <UniqueIdentifier>{93995380-89BD-4b04-88EB-625FBE52EBFB}</UniqueIdentifier>
      <Extensions>h;hh;hpp;hxx;hm;inl;inc;xsd</Extensions>
    </Filter>
    <Filter Include="Fichiers de ressources">
      <UniqueIdentifier>{67DA6AB6-F800-4c08-8B7A-83BB121AAD01}</UniqueIdentifier>
      <Extensions>rc;ico;cur;bmp;dlg;rc2;rct;bin;rgs;gif;jpg;jpeg;jpe;resx;tiff;tif;png;wav;mfcribbon-ms</Extensions>
    </Filter>
    <Filter Include="Fichiers d%27en-tête\Capacity">
      <UniqueIdentifier>{0ae8d35d-9e5e-45d6-8a05-4d0dd09fdb01}</UniqueIdentifier>
    </Filter>
    <Filter Include="Fichiers d%27en-tête\Actions">
      <UniqueIdentifier>{d6455026-1e2c-426e-9952-aedbd3457f96}</UniqueIdentifier>
    </Filter>
    <Filter Include="Fichiers d%27en-tête\tools">
      <UniqueIdentifier>{e05feca1-4441-41c8-9c80-7a27f5d7d810}</UniqueIdentifier>
    </Filter>
  </ItemGroup>
  <ItemGroup>
    <ClCompile Include="src\AI.cpp">
      <Filter>Fichiers sources</Filter>
    </ClCompile>
    <ClCompile Include="src\Army.cpp">
      <Filter>Fichiers sources</Filter>
    </ClCompile>
    <ClCompile Include="src\battle.cpp">
      <Filter>Fichiers sources</Filter>
    </ClCompile>
    <ClCompile Include="src\main.cpp">
      <Filter>Fichiers sources</Filter>
    </ClCompile>
    <ClCompile Include="src\training.cpp">
      <Filter>Fichiers sources</Filter>
    </ClCompile>
    <ClCompile Include="src\Unit.cpp">
      <Filter>Fichiers sources</Filter>
    </ClCompile>
  </ItemGroup>
  <ItemGroup>
    <ClInclude Include="include\AI.hpp">
      <Filter>Fichiers d%27en-tête</Filter>
    </ClInclude>
    <ClInclude Include="include\Army.hpp">
      <Filter>Fichiers d%27en-tête</Filter>
    </ClInclude>
    <ClInclude Include="include\battle.hpp">
      <Filter>Fichiers d%27en-tête</Filter>
    </ClInclude>
    <ClInclude Include="include\training.hpp">
      <Filter>Fichiers d%27en-tête</Filter>
    </ClInclude>
    <ClInclude Include="include\Unit.hpp">
      <Filter>Fichiers d%27en-tête</Filter>
    </ClInclude>
    <ClInclude Include="include\ArmorCapacity.hpp">
      <Filter>Fichiers d%27en-tête\Capacity</Filter>
    </ClInclude>
    <ClInclude Include="include\Capacity.hpp">
      <Filter>Fichiers d%27en-tête\Capacity</Filter>
    </ClInclude>
    <ClInclude Include="include\DamageCapacity.hpp">
      <Filter>Fichiers d%27en-tête\Capacity</Filter>
    </ClInclude>
    <ClInclude Include="include\FirerateCapacity.hpp">
      <Filter>Fichiers d%27en-tête\Capacity</Filter>
    </ClInclude>
    <ClInclude Include="include\LifeCapacity.hpp">
      <Filter>Fichiers d%27en-tête\Capacity</Filter>
    </ClInclude>
    <ClInclude Include="include\RangeCapacity.hpp">
      <Filter>Fichiers d%27en-tête\Capacity</Filter>
    </ClInclude>
    <ClInclude Include="include\RegenCapacity.hpp">
      <Filter>Fichiers d%27en-tête\Capacity</Filter>
    </ClInclude>
    <ClInclude Include="include\SpeedCapacity.hpp">
      <Filter>Fichiers d%27en-tête\Capacity</Filter>
    </ClInclude>
    <ClInclude Include="include\Action.hpp">
      <Filter>Fichiers d%27en-tête\Actions</Filter>
    </ClInclude>
    <ClInclude Include="include\EmptyAction.hpp">
      <Filter>Fichiers d%27en-tête\Actions</Filter>
    </ClInclude>
    <ClInclude Include="include\MoveAction.hpp">
      <Filter>Fichiers d%27en-tête\Actions</Filter>
    </ClInclude>
    <ClInclude Include="include\ShotAction.hpp">
      <Filter>Fichiers d%27en-tête\Actions</Filter>
    </ClInclude>
    <ClInclude Include="include\Point.hpp">
      <Filter>Fichiers d%27en-tête\tools</Filter>
    </ClInclude>
  </ItemGroup>
</Project>